
Microsoft Visual Studio Solution File, Format Version 12.00
# Visual Studio Version 17
VisualStudioVersion = 17.3.32929.385
MinimumVisualStudioVersion = 10.0.40219.1
Project("{FAE04EC0-301F-11D3-BF4B-00C04F79EFBC}") = "Vasilev_IS_19_Bilet_7", "Vasilev_IS_19_Bilet_7\Vasilev_IS_19_Bilet_7.csproj", "{94945EB0-2C55-44D5-8B2C-95651AE74AF2}"
EndProject
Project("{FAE04EC0-301F-11D3-BF4B-00C04F79EFBC}") = "Bilet_7_UnitTests", "Bilet_7_UnitTests\Bilet_7_UnitTests.csproj", "{ABDE412E-E99C-44EB-845A-799640088F3D}"
EndProject
Global
	GlobalSection(SolutionConfigurationPlatforms) = preSolution
		Debug|Any CPU = Debug|Any CPU
		Release|Any CPU = Release|Any CPU
	EndGlobalSection
	GlobalSection(ProjectConfigurationPlatforms) = postSolution
		{94945EB0-2C55-44D5-8B2C-95651AE74AF2}.Debug|Any CPU.ActiveCfg = Debug|Any CPU
		{94945EB0-2C55-44D5-8B2C-95651AE74AF2}.Debug|Any CPU.Build.0 = Debug|Any CPU
		{94945EB0-2C55-44D5-8B2C-95651AE74AF2}.Release|Any CPU.ActiveCfg = Release|Any CPU
		{94945EB0-2C55-44D5-8B2C-95651AE74AF2}.Release|Any CPU.Build.0 = Release|Any CPU
		{ABDE412E-E99C-44EB-845A-799640088F3D}.Debug|Any CPU.ActiveCfg = Debug|Any CPU
		{ABDE412E-E99C-44EB-845A-799640088F3D}.Debug|Any CPU.Build.0 = Debug|Any CPU
		{ABDE412E-E99C-44EB-845A-799640088F3D}.Release|Any CPU.ActiveCfg = Release|Any CPU
		{ABDE412E-E99C-44EB-845A-799640088F3D}.Release|Any CPU.Build.0 = Release|Any CPU
	EndGlobalSection
	GlobalSection(SolutionProperties) = preSolution
		HideSolutionNode = FALSE
	EndGlobalSection
	GlobalSection(ExtensibilityGlobals) = postSolution
		SolutionGuid = {75A36673-2514-46FF-B7DE-250B89DE1EA1}
	EndGlobalSection
EndGlobal
